PODS:
  - audio_session (0.0.1):
    - Flutter
  - connectivity_plus (0.0.1):
    - Flutter
    - FlutterMacOS
  - Flutter (1.0.0)
  - flutter_native_splash (0.0.1):
    - Flutter
  - just_audio (0.0.1):
    - Flutter
  - ObjectBox (4.0.1)
  - objectbox_flutter_libs (0.0.1):
    - Flutter
    - ObjectBox (= 4.0.1)
  - package_info_plus (0.4.5):
    - Flutter
  - path_provider_foundation (0.0.1):
    - Flutter
    - FlutterMacOS
  - sqflite_darwin (0.0.4):
    - Flutter
    - FlutterMacOS
  - Stripe (23.28.3):
    - StripeApplePay (= 23.28.3)
    - StripeCore (= 23.28.3)
    - StripePayments (= 23.28.3)
    - StripePaymentsUI (= 23.28.3)
    - StripeUICore (= 23.28.3)
  - stripe_ios (0.0.1):
    - Flutter
    - Stripe (~> 23.28.0)
    - StripeApplePay (~> 23.28.0)
    - StripeFinancialConnections (~> 23.28.0)
    - StripePayments (~> 23.28.0)
    - StripePaymentSheet (~> 23.28.0)
    - StripePaymentsUI (~> 23.28.0)
  - StripeApplePay (23.28.3):
    - StripeCore (= 23.28.3)
  - StripeCore (23.28.3)
  - StripeFinancialConnections (23.28.3):
    - StripeCore (= 23.28.3)
    - StripeUICore (= 23.28.3)
  - StripePayments (23.28.3):
    - StripeCore (= 23.28.3)
    - StripePayments/Stripe3DS2 (= 23.28.3)
  - StripePayments/Stripe3DS2 (23.28.3):
    - StripeCore (= 23.28.3)
  - StripePaymentSheet (23.28.3):
    - StripeApplePay (= 23.28.3)
    - StripeCore (= 23.28.3)
    - StripePayments (= 23.28.3)
    - StripePaymentsUI (= 23.28.3)
  - StripePaymentsUI (23.28.3):
    - StripeCore (= 23.28.3)
    - StripePayments (= 23.28.3)
    - StripeUICore (= 23.28.3)
  - StripeUICore (23.28.3):
    - StripeCore (= 23.28.3)
  - url_launcher_ios (0.0.1):
    - Flutter
  - video_player_avfoundation (0.0.1):
    - Flutter
    - FlutterMacOS
  - wakelock_plus (0.0.1):
    - Flutter
  - webview_flutter_wkwebview (0.0.1):
    - Flutter
    - FlutterMacOS

DEPENDENCIES:
  - audio_session (from `.symlinks/plugins/audio_session/ios`)
  - connectivity_plus (from `.symlinks/plugins/connectivity_plus/darwin`)
  - Flutter (from `Flutter`)
  - flutter_native_splash (from `.symlinks/plugins/flutter_native_splash/ios`)
  - just_audio (from `.symlinks/plugins/just_audio/ios`)
  - objectbox_flutter_libs (from `.symlinks/plugins/objectbox_flutter_libs/ios`)
  - package_info_plus (from `.symlinks/plugins/package_info_plus/ios`)
  - path_provider_foundation (from `.symlinks/plugins/path_provider_foundation/darwin`)
  - sqflite_darwin (from `.symlinks/plugins/sqflite_darwin/darwin`)
  - stripe_ios (from `.symlinks/plugins/stripe_ios/ios`)
  - url_launcher_ios (from `.symlinks/plugins/url_launcher_ios/ios`)
  - video_player_avfoundation (from `.symlinks/plugins/video_player_avfoundation/darwin`)
  - wakelock_plus (from `.symlinks/plugins/wakelock_plus/ios`)
  - webview_flutter_wkwebview (from `.symlinks/plugins/webview_flutter_wkwebview/darwin`)

SPEC REPOS:
  trunk:
    - ObjectBox
    - Stripe
    - StripeApplePay
    - StripeCore
    - StripeFinancialConnections
    - StripePayments
    - StripePaymentSheet
    - StripePaymentsUI
    - StripeUICore

EXTERNAL SOURCES:
  audio_session:
    :path: ".symlinks/plugins/audio_session/ios"
  connectivity_plus:
    :path: ".symlinks/plugins/connectivity_plus/darwin"
  Flutter:
    :path: Flutter
  flutter_native_splash:
    :path: ".symlinks/plugins/flutter_native_splash/ios"
  just_audio:
    :path: ".symlinks/plugins/just_audio/ios"
  objectbox_flutter_libs:
    :path: ".symlinks/plugins/objectbox_flutter_libs/ios"
  package_info_plus:
    :path: ".symlinks/plugins/package_info_plus/ios"
  path_provider_foundation:
    :path: ".symlinks/plugins/path_provider_foundation/darwin"
  sqflite_darwin:
    :path: ".symlinks/plugins/sqflite_darwin/darwin"
  stripe_ios:
    :path: ".symlinks/plugins/stripe_ios/ios"
  url_launcher_ios:
    :path: ".symlinks/plugins/url_launcher_ios/ios"
  video_player_avfoundation:
    :path: ".symlinks/plugins/video_player_avfoundation/darwin"
  wakelock_plus:
    :path: ".symlinks/plugins/wakelock_plus/ios"
  webview_flutter_wkwebview:
    :path: ".symlinks/plugins/webview_flutter_wkwebview/darwin"

SPEC CHECKSUMS:
  audio_session: 088d2483ebd1dc43f51d253d4a1c517d9a2e7207
  connectivity_plus: 4c41c08fc6d7c91f63bc7aec70ffe3730b04f563
  Flutter: e0871f40cf51350855a761d2e70bf5af5b9b5de7
  flutter_native_splash: edf599c81f74d093a4daf8e17bd7a018854bc778
  just_audio: baa7252489dbcf47a4c7cc9ca663e9661c99aafa
  ObjectBox: 0bc4bb75eea85f6af06b369148b334c2056bbc29
  objectbox_flutter_libs: 2ce0da386c780878687c736b528ceaf371573efb
  package_info_plus: c0502532a26c7662a62a356cebe2692ec5fe4ec4
  path_provider_foundation: 2b6b4c569c0fb62ec74538f866245ac84301af46
  sqflite_darwin: a553b1fd6fe66f53bbb0fe5b4f5bab93f08d7a13
  Stripe: cdf416cf2efe286f532a6306de0fcaa0ecc8c71a
  stripe_ios: 91946e5c07e0a0dc0e1484ee6659e1f90a302cf3
  StripeApplePay: efb62ffc08e6cd4f161d77ddb45de2451075c54e
  StripeCore: 9731f05e327c3dcaf7d7abd116840ceaa9482bbe
  StripeFinancialConnections: 46c0049aaab3a179193502bce4a8096eb7b73f55
  StripePayments: dd1867a620b0b8b5e294e9ff2f1f7b7770765f47
  StripePaymentSheet: d155dfde74e90784d054deffb4f561a1f6dd638f
  StripePaymentsUI: c24f990b03a68a7f6fe704b15dd487e7bb6b603e
  StripeUICore: f2d514e900c37436dc5427fdf2c29d68ab1c2935
  url_launcher_ios: 5334b05cef931de560670eeae103fd3e431ac3fe
  video_player_avfoundation: 7c6c11d8470e1675df7397027218274b6d2360b3
  wakelock_plus: 78ec7c5b202cab7761af8e2b2b3d0671be6c4ae1
  webview_flutter_wkwebview: 0982481e3d9c78fd5c6f62a002fcd24fc791f1e4

PODFILE CHECKSUM: 4c438addb11b6da45ed7ae408823d68256222460

COCOAPODS: 1.15.2
